
Microsoft Visual Studio Solution File, Format Version 12.00
# Visual Studio 15
VisualStudioVersion = 15.0.27703.2026
MinimumVisualStudioVersion = 10.0.40219.1
Project("{9A19103F-16F7-4668-BE54-9A1E7A4F7556}") = "Solutions", "Solutions\Solutions.csproj", "{B32B90B6-9B6F-447E-9D73-591FDFD30087}"
EndProject
Project("{FAE04EC0-301F-11D3-BF4B-00C04F79EFBC}") = "Solutions.Tests", "Solutions.Tests\Solutions.Tests.csproj", "{1563E19D-3E01-409E-AEE2-7E37F235E157}"
EndProject
Project("{8BC9CEB8-8B4A-11D0-8D11-00A0C91BC942}") = "SolutionsCPP", "SolutionsCPP\SolutionsCPP.vcxproj", "{0B966074-6ADF-4CEF-B388-A003A099F74E}"
EndProject
Project("{8BC9CEB8-8B4A-11D0-8D11-00A0C91BC942}") = "SolutionsCPP.Tests", "SolutionsCPP.Tests\SolutionsCPP.Tests.vcxproj", "{C04C1EAB-7C3A-4E16-926D-B27EF145A7DF}"
EndProject
Project("{FAE04EC0-301F-11D3-BF4B-00C04F79EFBC}") = "SolutionsDotNet", "SolutionsDotNet\SolutionsDotNet.csproj", "{0EA51DC9-429A-404C-B686-1F2D47FA5FC3}"
EndProject
Project("{FAE04EC0-301F-11D3-BF4B-00C04F79EFBC}") = "WpfApp", "WpfApp\WpfApp.csproj", "{48927837-0E69-447D-BC92-E33CFC01B186}"
EndProject
Global
	GlobalSection(SolutionConfigurationPlatforms) = preSolution
		Debug|Any CPU = Debug|Any CPU
		Debug|x64 = Debug|x64
		Debug|x86 = Debug|x86
		Release|Any CPU = Release|Any CPU
		Release|x64 = Release|x64
		Release|x86 = Release|x86
	EndGlobalSection
	GlobalSection(ProjectConfigurationPlatforms) = postSolution
		{B32B90B6-9B6F-447E-9D73-591FDFD30087}.Debug|Any CPU.ActiveCfg = Debug|Any CPU
		{B32B90B6-9B6F-447E-9D73-591FDFD30087}.Debug|Any CPU.Build.0 = Debug|Any CPU
		{B32B90B6-9B6F-447E-9D73-591FDFD30087}.Debug|x64.ActiveCfg = Debug|Any CPU
		{B32B90B6-9B6F-447E-9D73-591FDFD30087}.Debug|x64.Build.0 = Debug|Any CPU
		{B32B90B6-9B6F-447E-9D73-591FDFD30087}.Debug|x86.ActiveCfg = Debug|Any CPU
		{B32B90B6-9B6F-447E-9D73-591FDFD30087}.Debug|x86.Build.0 = Debug|Any CPU
		{B32B90B6-9B6F-447E-9D73-591FDFD30087}.Release|Any CPU.ActiveCfg = Release|Any CPU
		{B32B90B6-9B6F-447E-9D73-591FDFD30087}.Release|Any CPU.Build.0 = Release|Any CPU
		{B32B90B6-9B6F-447E-9D73-591FDFD30087}.Release|x64.ActiveCfg = Release|Any CPU
		{B32B90B6-9B6F-447E-9D73-591FDFD30087}.Release|x64.Build.0 = Release|Any CPU
		{B32B90B6-9B6F-447E-9D73-591FDFD30087}.Release|x86.ActiveCfg = Release|Any CPU
		{B32B90B6-9B6F-447E-9D73-591FDFD30087}.Release|x86.Build.0 = Release|Any CPU
		{1563E19D-3E01-409E-AEE2-7E37F235E157}.Debug|Any CPU.ActiveCfg = Debug|Any CPU
		{1563E19D-3E01-409E-AEE2-7E37F235E157}.Debug|Any CPU.Build.0 = Debug|Any CPU
		{1563E19D-3E01-409E-AEE2-7E37F235E157}.Debug|x64.ActiveCfg = Debug|Any CPU
		{1563E19D-3E01-409E-AEE2-7E37F235E157}.Debug|x64.Build.0 = Debug|Any CPU
		{1563E19D-3E01-409E-AEE2-7E37F235E157}.Debug|x86.ActiveCfg = Debug|Any CPU
		{1563E19D-3E01-409E-AEE2-7E37F235E157}.Debug|x86.Build.0 = Debug|Any CPU
		{1563E19D-3E01-409E-AEE2-7E37F235E157}.Release|Any CPU.ActiveCfg = Release|Any CPU
		{1563E19D-3E01-409E-AEE2-7E37F235E157}.Release|Any CPU.Build.0 = Release|Any CPU
		{1563E19D-3E01-409E-AEE2-7E37F235E157}.Release|x64.ActiveCfg = Release|Any CPU
		{1563E19D-3E01-409E-AEE2-7E37F235E157}.Release|x64.Build.0 = Release|Any CPU
		{1563E19D-3E01-409E-AEE2-7E37F235E157}.Release|x86.ActiveCfg = Release|Any CPU
		{1563E19D-3E01-409E-AEE2-7E37F235E157}.Release|x86.Build.0 = Release|Any CPU
		{0B966074-6ADF-4CEF-B388-A003A099F74E}.Debug|Any CPU.ActiveCfg = Debug|Win32
		{0B966074-6ADF-4CEF-B388-A003A099F74E}.Debug|x64.ActiveCfg = Debug|x64
		{0B966074-6ADF-4CEF-B388-A003A099F74E}.Debug|x64.Build.0 = Debug|x64
		{0B966074-6ADF-4CEF-B388-A003A099F74E}.Debug|x86.ActiveCfg = Debug|Win32
		{0B966074-6ADF-4CEF-B388-A003A099F74E}.Debug|x86.Build.0 = Debug|Win32
		{0B966074-6ADF-4CEF-B388-A003A099F74E}.Release|Any CPU.ActiveCfg = Release|Win32
		{0B966074-6ADF-4CEF-B388-A003A099F74E}.Release|x64.ActiveCfg = Release|x64
		{0B966074-6ADF-4CEF-B388-A003A099F74E}.Release|x64.Build.0 = Release|x64
		{0B966074-6ADF-4CEF-B388-A003A099F74E}.Release|x86.ActiveCfg = Release|Win32
		{0B966074-6ADF-4CEF-B388-A003A099F74E}.Release|x86.Build.0 = Release|Win32
		{C04C1EAB-7C3A-4E16-926D-B27EF145A7DF}.Debug|Any CPU.ActiveCfg = Debug|Win32
		{C04C1EAB-7C3A-4E16-926D-B27EF145A7DF}.Debug|x64.ActiveCfg = Debug|x64
		{C04C1EAB-7C3A-4E16-926D-B27EF145A7DF}.Debug|x64.Build.0 = Debug|x64
		{C04C1EAB-7C3A-4E16-926D-B27EF145A7DF}.Debug|x86.ActiveCfg = Debug|Win32
		{C04C1EAB-7C3A-4E16-926D-B27EF145A7DF}.Debug|x86.Build.0 = Debug|Win32
		{C04C1EAB-7C3A-4E16-926D-B27EF145A7DF}.Release|Any CPU.ActiveCfg = Release|Win32
		{C04C1EAB-7C3A-4E16-926D-B27EF145A7DF}.Release|x64.ActiveCfg = Release|x64
		{C04C1EAB-7C3A-4E16-926D-B27EF145A7DF}.Release|x64.Build.0 = Release|x64
		{C04C1EAB-7C3A-4E16-926D-B27EF145A7DF}.Release|x86.ActiveCfg = Release|Win32
		{C04C1EAB-7C3A-4E16-926D-B27EF145A7DF}.Release|x86.Build.0 = Release|Win32
		{0EA51DC9-429A-404C-B686-1F2D47FA5FC3}.Debug|Any CPU.ActiveCfg = Debug|Any CPU
		{0EA51DC9-429A-404C-B686-1F2D47FA5FC3}.Debug|Any CPU.Build.0 = Debug|Any CPU
		{0EA51DC9-429A-404C-B686-1F2D47FA5FC3}.Debug|x64.ActiveCfg = Debug|Any CPU
		{0EA51DC9-429A-404C-B686-1F2D47FA5FC3}.Debug|x64.Build.0 = Debug|Any CPU
		{0EA51DC9-429A-404C-B686-1F2D47FA5FC3}.Debug|x86.ActiveCfg = Debug|Any CPU
		{0EA51DC9-429A-404C-B686-1F2D47FA5FC3}.Debug|x86.Build.0 = Debug|Any CPU
		{0EA51DC9-429A-404C-B686-1F2D47FA5FC3}.Release|Any CPU.ActiveCfg = Release|Any CPU
		{0EA51DC9-429A-404C-B686-1F2D47FA5FC3}.Release|Any CPU.Build.0 = Release|Any CPU
		{0EA51DC9-429A-404C-B686-1F2D47FA5FC3}.Release|x64.ActiveCfg = Release|Any CPU
		{0EA51DC9-429A-404C-B686-1F2D47FA5FC3}.Release|x64.Build.0 = Release|Any CPU
		{0EA51DC9-429A-404C-B686-1F2D47FA5FC3}.Release|x86.ActiveCfg = Release|Any CPU
		{0EA51DC9-429A-404C-B686-1F2D47FA5FC3}.Release|x86.Build.0 = Release|Any CPU
		{48927837-0E69-447D-BC92-E33CFC01B186}.Debug|Any CPU.ActiveCfg = Debug|Any CPU
		{48927837-0E69-447D-BC92-E33CFC01B186}.Debug|Any CPU.Build.0 = Debug|Any CPU
		{48927837-0E69-447D-BC92-E33CFC01B186}.Debug|x64.ActiveCfg = Debug|Any CPU
		{48927837-0E69-447D-BC92-E33CFC01B186}.Debug|x64.Build.0 = Debug|Any CPU
		{48927837-0E69-447D-BC92-E33CFC01B186}.Debug|x86.ActiveCfg = Debug|Any CPU
		{48927837-0E69-447D-BC92-E33CFC01B186}.Debug|x86.Build.0 = Debug|Any CPU
		{48927837-0E69-447D-BC92-E33CFC01B186}.Release|Any CPU.ActiveCfg = Release|Any CPU
		{48927837-0E69-447D-BC92-E33CFC01B186}.Release|Any CPU.Build.0 = Release|Any CPU
		{48927837-0E69-447D-BC92-E33CFC01B186}.Release|x64.ActiveCfg = Release|Any CPU
		{48927837-0E69-447D-BC92-E33CFC01B186}.Release|x64.Build.0 = Release|Any CPU
		{48927837-0E69-447D-BC92-E33CFC01B186}.Release|x86.ActiveCfg = Release|Any CPU
		{48927837-0E69-447D-BC92-E33CFC01B186}.Release|x86.Build.0 = Release|Any CPU
	EndGlobalSection
	GlobalSection(SolutionProperties) = preSolution
		HideSolutionNode = FALSE
	EndGlobalSection
	GlobalSection(ExtensibilityGlobals) = postSolution
		SolutionGuid = {D95381F1-35C9-4669-9D0F-C32E5AE7AD63}
	EndGlobalSection
EndGlobal
